// !$*UTF8*$!
{
	archiveVersion = 1;
	classes = {
	};
	objectVersion = 50;
	objects = {

/* Begin PBXBuildFile section */
		2081A03524653856009264FB /* AppDelegate.swift in Sources */ = {isa = PBXBuildFile; fileRef = 2081A03424653856009264FB /* AppDelegate.swift */; };
		2081A03724653856009264FB /* SceneDelegate.swift in Sources */ = {isa = PBXBuildFile; fileRef = 2081A03624653856009264FB /* SceneDelegate.swift */; };
		2081A03924653856009264FB /* ViewController.swift in Sources */ = {isa = PBXBuildFile; fileRef = 2081A03824653856009264FB /* ViewController.swift */; };
		2081A03C24653856009264FB /* Main.storyboard in Resources */ = {isa = PBXBuildFile; fileRef = 2081A03A24653856009264FB /* Main.storyboard */; };
		2081A03E24653858009264FB /* Assets.xcassets in Resources */ = {isa = PBXBuildFile; fileRef = 2081A03D24653858009264FB /* Assets.xcassets */; };
		2081A04124653858009264FB /* LaunchScreen.storyboard in Resources */ = {isa = PBXBuildFile; fileRef = 2081A03F24653858009264FB /* LaunchScreen.storyboard */; };
		2081A04924654652009264FB /* animal_cnn_aug.mlmodel in Sources */ = {isa = PBXBuildFile; fileRef = 2081A04824654652009264FB /* animal_cnn_aug.mlmodel */; };
/* End PBXBuildFile section */

/* Begin PBXFileReference section */
		2081A03124653856009264FB /* ClassifyML.app */ = {isa = PBXFileReference; explicitFileType = wrapper.application; includeInIndex = 0; path = ClassifyML.app; sourceTree = BUILT_PRODUCTS_DIR; };
		2081A03424653856009264FB /* AppDelegate.swift */ = {isa = PBXFileReference; lastKnownFileType = sourcecode.swift; path = AppDelegate.swift; sourceTree = "<group>"; };
		2081A03624653856009264FB /* SceneDelegate.swift */ = {isa = PBXFileReference; lastKnownFileType = sourcecode.swift; path = SceneDelegate.swift; sourceTree = "<group>"; };
		2081A03824653856009264FB /* ViewController.swift */ = {isa = PBXFileReference; lastKnownFileType = sourcecode.swift; path = ViewController.swift; sourceTree = "<group>"; };
		2081A03B24653856009264FB /* Base */ = {isa = PBXFileReference; lastKnownFileType = file.storyboard; name = Base; path = Base.lproj/Main.storyboard; sourceTree = "<group>"; };
		2081A03D24653858009264FB /* Assets.xcassets */ = {isa = PBXFileReference; lastKnownFileType = folder.assetcatalog; path = Assets.xcassets; sourceTree = "<group>"; };
		2081A04024653858009264FB /* Base */ = {isa = PBXFileReference; lastKnownFileType = file.storyboard; name = Base; path = Base.lproj/LaunchScreen.storyboard; sourceTree = "<group>"; };
		2081A04224653858009264FB /* Info.plist */ = {isa = PBXFileReference; lastKnownFileType = text.plist.xml; path = Info.plist; sourceTree = "<group>"; };
		2081A04824654652009264FB /* animal_cnn_aug.mlmodel */ = {isa = PBXFileReference; lastKnownFileType = file.mlmodel; path = animal_cnn_aug.mlmodel; sourceTree = "<group>"; };
/* End PBXFileReference section */

/* Begin PBXFrameworksBuildPhase section */
		2081A02E24653856009264FB /* Frameworks */ = {
			isa = PBXFrameworksBuildPhase;
			buildActionMask = 2147483647;
			files = (
			);
			runOnlyForDeploymentPostprocessing = 0;
		};
/* End PBXFrameworksBuildPhase section */

/* Begin PBXGroup section */
		2081A02824653856009264FB = {
			isa = PBXGroup;
			children = (
				2081A03324653856009264FB /* ClassifyML */,
				2081A03224653856009264FB /* Products */,
			);
			sourceTree = "<group>";
		};
		2081A03224653856009264FB /* Products */ = {
			isa = PBXGroup;
			children = (
				2081A03124653856009264FB /* ClassifyML.app */,
			);
			name = Products;
			sourceTree = "<group>";
		};
		2081A03324653856009264FB /* ClassifyML */ = {
			isa = PBXGroup;
			children = (
				2081A03424653856009264FB /* AppDelegate.swift */,
				2081A03624653856009264FB /* SceneDelegate.swift */,
				2081A03824653856009264FB /* ViewController.swift */,
				2081A03A24653856009264FB /* Main.storyboard */,
				2081A03D24653858009264FB /* Assets.xcassets */,
				2081A03F24653858009264FB /* LaunchScreen.storyboard */,
				2081A04224653858009264FB /* Info.plist */,
				2081A04824654652009264FB /* animal_cnn_aug.mlmodel */,
			);
			path = ClassifyML;
			sourceTree = "<group>";
		};
/* End PBXGroup section */

/* Begin PBXNativeTarget section */
		2081A03024653856009264FB /* ClassifyML */ = {
			isa = PBXNativeTarget;
			buildConfigurationList = 2081A04524653858009264FB /* Build configuration list for PBXNativeTarget "ClassifyML" */;
			buildPhases = (
				2081A02D24653856009264FB /* Sources */,
				2081A02E24653856009264FB /* Frameworks */,
				2081A02F24653856009264FB /* Resources */,
			);
			buildRules = (
			);
			dependencies = (
			);
			name = ClassifyML;
			productName = ClassifyML;
			productReference = 2081A03124653856009264FB /* ClassifyML.app */;
			productType = "com.apple.product-type.application";
		};
/* End PBXNativeTarget section */

/* Begin PBXProject section */
		2081A02924653856009264FB /* Project object */ = {
			isa = PBXProject;
			attributes = {
				LastSwiftUpdateCheck = 1140;
				LastUpgradeCheck = 1140;
				ORGANIZATIONNAME = nagaosa;
				TargetAttributes = {
					2081A03024653856009264FB = {
						CreatedOnToolsVersion = 11.4.1;
					};
				};
			};
			buildConfigurationList = 2081A02C24653856009264FB /* Build configuration list for PBXProject "ClassifyML" */;
			compatibilityVersion = "Xcode 9.3";
			developmentRegion = en;
			hasScannedForEncodings = 0;
			knownRegions = (
				en,
				Base,
			);
			mainGroup = 2081A02824653856009264FB;
			productRefGroup = 2081A03224653856009264FB /* Products */;
			projectDirPath = "";
			projectRoot = "";
			targets = (
				2081A03024653856009264FB /* ClassifyML */,
			);
		};
/* End PBXProject section */

/* Begin PBXResourcesBuildPhase section */
		2081A02F24653856009264FB /* Resources */ = {
			isa = PBXResourcesBuildPhase;
			buildActionMask = 2147483647;
			files = (
				2081A04124653858009264FB /* LaunchScreen.storyboard in Resources */,
				2081A03E24653858009264FB /* Assets.xcassets in Resources */,
				2081A03C24653856009264FB /* Main.storyboard in Resources */,
			);
			runOnlyForDeploymentPostprocessing = 0;
		};
/* End PBXResourcesBuildPhase section */

/* Begin PBXSourcesBuildPhase section */
		2081A02D24653856009264FB /* Sources */ = {
			isa = PBXSourcesBuildPhase;
			buildActionMask = 2147483647;
			files = (
				2081A03924653856009264FB /* ViewController.swift in Sources */,
				2081A03524653856009264FB /* AppDelegate.swift in Sources */,
				2081A04924654652009264FB /* animal_cnn_aug.mlmodel in Sources */,
				2081A03724653856009264FB /* SceneDelegate.swift in Sources */,
			);
			runOnlyForDeploymentPostprocessing = 0;
		};
/* End PBXSourcesBuildPhase section */

/* Begin PBXVariantGroup section */
		2081A03A24653856009264FB /* Main.storyboard */ = {
			isa = PBXVariantGroup;
			children = (
				2081A03B24653856009264FB /* Base */,
			);
			name = Main.storyboard;
			sourceTree = "<group>";
		};
		2081A03F24653858009264FB /* LaunchScreen.storyboard */ = {
			isa = PBXVariantGroup;
			children = (
				2081A04024653858009264FB /* Base */,
			);
			name = LaunchScreen.storyboard;
			sourceTree = "<group>";
		};
/* End PBXVariantGroup section */

/* Begin XCBuildConfiguration section */
		2081A04324653858009264FB /* Debug */ = {
			isa = XCBuildConfiguration;
			buildSettings = {
				ALWAYS_SEARCH_USER_PATHS = NO;
				CLANG_ANALYZER_NONNULL = YES;
				CLANG_ANALYZER_NUMBER_OBJECT_CONVERSION = YES_AGGRESSIVE;
				CLANG_CXX_LANGUAGE_STANDARD = "gnu++14";
				CLANG_CXX_LIBRARY = "libc++";
				CLANG_ENABLE_MODULES = YES;
				CLANG_ENABLE_OBJC_ARC = YES;
				CLANG_ENABLE_OBJC_WEAK = YES;
				CLANG_WARN_BLOCK_CAPTURE_AUTORELEASING = YES;
				CLANG_WARN_BOOL_CONVERSION = YES;
				CLANG_WARN_COMMA = YES;
				CLANG_WARN_CONSTANT_CONVERSION = YES;
				CLANG_WARN_DEPRECATED_OBJC_IMPLEMENTATIONS = YES;
				CLANG_WARN_DIRECT_OBJC_ISA_USAGE = YES_ERROR;
				CLANG_WARN_DOCUMENTATION_COMMENTS = YES;
				CLANG_WARN_EMPTY_BODY = YES;
				CLANG_WARN_ENUM_CONVERSION = YES;
				CLANG_WARN_INFINITE_RECURSION = YES;
				CLANG_WARN_INT_CONVERSION = YES;
				CLANG_WARN_NON_LITERAL_NULL_CONVERSION = YES;
				CLANG_WARN_OBJC_IMPLICIT_RETAIN_SELF = YES;
				CLANG_WARN_OBJC_LITERAL_CONVERSION = YES;
				CLANG_WARN_OBJC_ROOT_CLASS = YES_ERROR;
				CLANG_WARN_RANGE_LOOP_ANALYSIS = YES;
				CLANG_WARN_STRICT_PROTOTYPES = YES;
				CLANG_WARN_SUSPICIOUS_MOVE = YES;
				CLANG_WARN_UNGUARDED_AVAILABILITY = YES_AGGRESSIVE;
				CLANG_WARN_UNREACHABLE_CODE = YES;
				CLANG_WARN__DUPLICATE_METHOD_MATCH = YES;
				COPY_PHASE_STRIP = NO;
				DEBUG_INFORMATION_FORMAT = dwarf;
				ENABLE_STRICT_OBJC_MSGSEND = YES;
				ENABLE_TESTABILITY = YES;
				GCC_C_LANGUAGE_STANDARD = gnu11;
				GCC_DYNAMIC_NO_PIC = NO;
				GCC_NO_COMMON_BLOCKS = YES;
				GCC_OPTIMIZATION_LEVEL = 0;
				GCC_PREPROCESSOR_DEFINITIONS = (
					"DEBUG=1",
					"$(inherited)",
				);
				GCC_WARN_64_TO_32_BIT_CONVERSION = YES;
				GCC_WARN_ABOUT_RETURN_TYPE = YES_ERROR;
				GCC_WARN_UNDECLARED_SELECTOR = YES;
				GCC_WARN_UNINITIALIZED_AUTOS = YES_AGGRESSIVE;
				GCC_WARN_UNUSED_FUNCTION = YES;
				GCC_WARN_UNUSED_VARIABLE = YES;
				IPHONEOS_DEPLOYMENT_TARGET = 13.1;
				MTL_ENABLE_DEBUG_INFO = INCLUDE_SOURCE;
				MTL_FAST_MATH = YES;
				ONLY_ACTIVE_ARCH = YES;
				SDKROOT = iphoneos;
				SWIFT_ACTIVE_COMPILATION_CONDITIONS = DEBUG;
				SWIFT_OPTIMIZATION_LEVEL = "-Onone";
			};
			name = Debug;
		};
		2081A04424653858009264FB /* Release */ = {
			isa = XCBuildConfiguration;
			buildSettings = {
				ALWAYS_SEARCH_USER_PATHS = NO;
				CLANG_ANALYZER_NONNULL = YES;
				CLANG_ANALYZER_NUMBER_OBJECT_CONVERSION = YES_AGGRESSIVE;
				CLANG_CXX_LANGUAGE_STANDARD = "gnu++14";
				CLANG_CXX_LIBRARY = "libc++";
				CLANG_ENABLE_MODULES = YES;
				CLANG_ENABLE_OBJC_ARC = YES;
				CLANG_ENABLE_OBJC_WEAK = YES;
				CLANG_WARN_BLOCK_CAPTURE_AUTORELEASING = YES;
				CLANG_WARN_BOOL_CONVERSION = YES;
				CLANG_WARN_COMMA = YES;
				CLANG_WARN_CONSTANT_CONVERSION = YES;
				CLANG_WARN_DEPRECATED_OBJC_IMPLEMENTATIONS = YES;
				CLANG_WARN_DIRECT_OBJC_ISA_USAGE = YES_ERROR;
				CLANG_WARN_DOCUMENTATION_COMMENTS = YES;
				CLANG_WARN_EMPTY_BODY = YES;
				CLANG_WARN_ENUM_CONVERSION = YES;
				CLANG_WARN_INFINITE_RECURSION = YES;
				CLANG_WARN_INT_CONVERSION = YES;
				CLANG_WARN_NON_LITERAL_NULL_CONVERSION = YES;
				CLANG_WARN_OBJC_IMPLICIT_RETAIN_SELF = YES;
				CLANG_WARN_OBJC_LITERAL_CONVERSION = YES;
				CLANG_WARN_OBJC_ROOT_CLASS = YES_ERROR;
				CLANG_WARN_RANGE_LOOP_ANALYSIS = YES;
				CLANG_WARN_STRICT_PROTOTYPES = YES;
				CLANG_WARN_SUSPICIOUS_MOVE = YES;
				CLANG_WARN_UNGUARDED_AVAILABILITY = YES_AGGRESSIVE;
				CLANG_WARN_UNREACHABLE_CODE = YES;
				CLANG_WARN__DUPLICATE_METHOD_MATCH = YES;
				COPY_PHASE_STRIP = NO;
				DEBUG_INFORMATION_FORMAT = "dwarf-with-dsym";
				ENABLE_NS_ASSERTIONS = NO;
				ENABLE_STRICT_OBJC_MSGSEND = YES;
				GCC_C_LANGUAGE_STANDARD = gnu11;
				GCC_NO_COMMON_BLOCKS = YES;
				GCC_WARN_64_TO_32_BIT_CONVERSION = YES;
				GCC_WARN_ABOUT_RETURN_TYPE = YES_ERROR;
				GCC_WARN_UNDECLARED_SELECTOR = YES;
				GCC_WARN_UNINITIALIZED_AUTOS = YES_AGGRESSIVE;
				GCC_WARN_UNUSED_FUNCTION = YES;
				GCC_WARN_UNUSED_VARIABLE = YES;
				IPHONEOS_DEPLOYMENT_TARGET = 13.1;
				MTL_ENABLE_DEBUG_INFO = NO;
				MTL_FAST_MATH = YES;
				SDKROOT = iphoneos;
				SWIFT_COMPILATION_MODE = wholemodule;
				SWIFT_OPTIMIZATION_LEVEL = "-O";
				VALIDATE_PRODUCT = YES;
			};
			name = Release;
		};
		2081A04624653858009264FB /* Debug */ = {
			isa = XCBuildConfiguration;
			buildSettings = {
				ASSETCATALOG_COMPILER_APPICON_NAME = AppIcon;
				CODE_SIGN_STYLE = Automatic;
				DEVELOPMENT_TEAM = ZWM4KP62TY;
				INFOPLIST_FILE = ClassifyML/Info.plist;
				LD_RUNPATH_SEARCH_PATHS = (
					"$(inherited)",
					"@executable_path/Frameworks",
				);
				PRODUCT_BUNDLE_IDENTIFIER = nekotanku.ClassifyML;
				PRODUCT_NAME = "$(TARGET_NAME)";
				SWIFT_VERSION = 5.0;
				TARGETED_DEVICE_FAMILY = "1,2";
			};
			name = Debug;
		};
		2081A04724653858009264FB /* Release */ = {
			isa = XCBuildConfiguration;
			buildSettings = {
				ASSETCATALOG_COMPILER_APPICON_NAME = AppIcon;
				CODE_SIGN_STYLE = Automatic;
				DEVELOPMENT_TEAM = ZWM4KP62TY;
				INFOPLIST_FILE = ClassifyML/Info.plist;
				LD_RUNPATH_SEARCH_PATHS = (
					"$(inherited)",
					"@executable_path/Frameworks",
				);
				PRODUCT_BUNDLE_IDENTIFIER = nekotanku.ClassifyML;
				PRODUCT_NAME = "$(TARGET_NAME)";
				SWIFT_VERSION = 5.0;
				TARGETED_DEVICE_FAMILY = "1,2";
			};
			name = Release;
		};
/* End XCBuildConfiguration section */

/* Begin XCConfigurationList section */
		2081A02C24653856009264FB /* Build configuration list for PBXProject "ClassifyML" */ = {
			isa = XCConfigurationList;
			buildConfigurations = (
				2081A04324653858009264FB /* Debug */,
				2081A04424653858009264FB /* Release */,
			);
			defaultConfigurationIsVisible = 0;
			defaultConfigurationName = Release;
		};
		2081A04524653858009264FB /* Build configuration list for PBXNativeTarget "ClassifyML" */ = {
			isa = XCConfigurationList;
			buildConfigurations = (
				2081A04624653858009264FB /* Debug */,
				2081A04724653858009264FB /* Release */,
			);
			defaultConfigurationIsVisible = 0;
			defaultConfigurationName = Release;
		};
/* End XCConfigurationList section */
	};
	rootObject = 2081A02924653856009264FB /* Project object */;
}
